
Microsoft Visual Studio Solution File, Format Version 12.00
# Visual Studio Version 17
VisualStudioVersion = 17.4.33213.308
MinimumVisualStudioVersion = 10.0.40219.1
Project("{FAE04EC0-301F-11D3-BF4B-00C04F79EFBC}") = "Web411019066", "Web411019066\Web411019066.csproj", "{66EE1450-9E54-494B-8261-A6193BA4C261}"
EndProject
Global
	GlobalSection(SolutionConfigurationPlatforms) = preSolution
		Debug|Any CPU = Debug|Any CPU
		Release|Any CPU = Release|Any CPU
	EndGlobalSection
	GlobalSection(ProjectConfigurationPlatforms) = postSolution
		{66EE1450-9E54-494B-8261-A6193BA4C261}.Debug|Any CPU.ActiveCfg = Debug|Any CPU
		{66EE1450-9E54-494B-8261-A6193BA4C261}.Debug|Any CPU.Build.0 = Debug|Any CPU
		{66EE1450-9E54-494B-8261-A6193BA4C261}.Release|Any CPU.ActiveCfg = Release|Any CPU
		{66EE1450-9E54-494B-8261-A6193BA4C261}.Release|Any CPU.Build.0 = Release|Any CPU
	EndGlobalSection
	GlobalSection(SolutionProperties) = preSolution
		HideSolutionNode = FALSE
	EndGlobalSection
	GlobalSection(ExtensibilityGlobals) = postSolution
		SolutionGuid = {C9103E84-6E74-476C-941C-E0141C7F4343}
	EndGlobalSection
EndGlobal
